
Microsoft Visual Studio Solution File, Format Version 12.00
# Visual Studio 15
Project("{FAE04EC0-301F-11D3-BF4B-00C04F79EFBC}") = "SimpleWebTransport", "SimpleWebTransport.csproj", "{3FADDA7A-5411-B47D-0EDE-CA03AAD741B0}"
EndProject
Project("{FAE04EC0-301F-11D3-BF4B-00C04F79EFBC}") = "Mirror", "Mirror.csproj", "{6F0BACE5-7358-8B9E-0BF8-D3E9C03D3D56}"
EndProject
Project("{FAE04EC0-301F-11D3-BF4B-00C04F79EFBC}") = "Telepathy", "Telepathy.csproj", "{C285737F-AB56-D9BC-317D-85CC1676A339}"
EndProject
Project("{FAE04EC0-301F-11D3-BF4B-00C04F79EFBC}") = "Mirror.Cloud", "Mirror.Cloud.csproj", "{060932AE-3ACB-ED81-F85B-A47A0DCDE630}"
EndProject
Project("{FAE04EC0-301F-11D3-BF4B-00C04F79EFBC}") = "Mirror.Components", "Mirror.Components.csproj", "{709601B9-1C62-71F3-71B2-912E9EE24C65}"
EndProject
Project("{FAE04EC0-301F-11D3-BF4B-00C04F79EFBC}") = "Mirror.Examples", "Mirror.Examples.csproj", "{FCA57DC9-44D5-37E0-B906-ADAE5AB50435}"
EndProject
Project("{FAE04EC0-301F-11D3-BF4B-00C04F79EFBC}") = "Mirror.Examples.Cloud.GUI", "Mirror.Examples.Cloud.GUI.csproj", "{EEECCF97-94B8-1C5C-7DE1-D22F70BC0363}"
EndProject
Project("{FAE04EC0-301F-11D3-BF4B-00C04F79EFBC}") = "kcp2k", "kcp2k.csproj", "{B2578C69-D387-014B-5324-4DC932577999}"
EndProject
Project("{FAE04EC0-301F-11D3-BF4B-00C04F79EFBC}") = "Mirror.Examples.Cloud.Pong", "Mirror.Examples.Cloud.Pong.csproj", "{D00DE236-DCD3-B90B-62CE-671D956EB25D}"
EndProject
Project("{FAE04EC0-301F-11D3-BF4B-00C04F79EFBC}") = "Mirror.Authenticators", "Mirror.Authenticators.csproj", "{D120DD85-1432-6476-F06E-BCA25ADFD390}"
EndProject
Project("{FAE04EC0-301F-11D3-BF4B-00C04F79EFBC}") = "Assembly-CSharp", "Assembly-CSharp.csproj", "{41C0B8A8-7BAB-1019-E53B-F0FFDF0BA13F}"
EndProject
Project("{FAE04EC0-301F-11D3-BF4B-00C04F79EFBC}") = "Mirror.Weaver", "Mirror.Weaver.csproj", "{31905324-DBC9-3CBE-EDD7-445D2CAE333C}"
EndProject
Project("{FAE04EC0-301F-11D3-BF4B-00C04F79EFBC}") = "Mirror.Editor", "Mirror.Editor.csproj", "{24BFCAAC-4886-7C6F-AD22-121DCEC522A0}"
EndProject
Project("{FAE04EC0-301F-11D3-BF4B-00C04F79EFBC}") = "Mirror.CompilerSymbols", "Mirror.CompilerSymbols.csproj", "{AEBB6519-73A4-9497-FF79-ED3A175C3AB7}"
EndProject
Global
	GlobalSection(SolutionConfigurationPlatforms) = preSolution
		Debug|Any CPU = Debug|Any CPU
		Release|Any CPU = Release|Any CPU
	EndGlobalSection
	GlobalSection(ProjectConfigurationPlatforms) = postSolution
		{3FADDA7A-5411-B47D-0EDE-CA03AAD741B0}.Debug|Any CPU.ActiveCfg = Debug|Any CPU
		{3FADDA7A-5411-B47D-0EDE-CA03AAD741B0}.Debug|Any CPU.Build.0 = Debug|Any CPU
		{3FADDA7A-5411-B47D-0EDE-CA03AAD741B0}.Release|Any CPU.ActiveCfg = Release|Any CPU
		{3FADDA7A-5411-B47D-0EDE-CA03AAD741B0}.Release|Any CPU.Build.0 = Release|Any CPU
		{6F0BACE5-7358-8B9E-0BF8-D3E9C03D3D56}.Debug|Any CPU.ActiveCfg = Debug|Any CPU
		{6F0BACE5-7358-8B9E-0BF8-D3E9C03D3D56}.Debug|Any CPU.Build.0 = Debug|Any CPU
		{6F0BACE5-7358-8B9E-0BF8-D3E9C03D3D56}.Release|Any CPU.ActiveCfg = Release|Any CPU
		{6F0BACE5-7358-8B9E-0BF8-D3E9C03D3D56}.Release|Any CPU.Build.0 = Release|Any CPU
		{C285737F-AB56-D9BC-317D-85CC1676A339}.Debug|Any CPU.ActiveCfg = Debug|Any CPU
		{C285737F-AB56-D9BC-317D-85CC1676A339}.Debug|Any CPU.Build.0 = Debug|Any CPU
		{C285737F-AB56-D9BC-317D-85CC1676A339}.Release|Any CPU.ActiveCfg = Release|Any CPU
		{C285737F-AB56-D9BC-317D-85CC1676A339}.Release|Any CPU.Build.0 = Release|Any CPU
		{060932AE-3ACB-ED81-F85B-A47A0DCDE630}.Debug|Any CPU.ActiveCfg = Debug|Any CPU
		{060932AE-3ACB-ED81-F85B-A47A0DCDE630}.Debug|Any CPU.Build.0 = Debug|Any CPU
		{060932AE-3ACB-ED81-F85B-A47A0DCDE630}.Release|Any CPU.ActiveCfg = Release|Any CPU
		{060932AE-3ACB-ED81-F85B-A47A0DCDE630}.Release|Any CPU.Build.0 = Release|Any CPU
		{709601B9-1C62-71F3-71B2-912E9EE24C65}.Debug|Any CPU.ActiveCfg = Debug|Any CPU
		{709601B9-1C62-71F3-71B2-912E9EE24C65}.Debug|Any CPU.Build.0 = Debug|Any CPU
		{709601B9-1C62-71F3-71B2-912E9EE24C65}.Release|Any CPU.ActiveCfg = Release|Any CPU
		{709601B9-1C62-71F3-71B2-912E9EE24C65}.Release|Any CPU.Build.0 = Release|Any CPU
		{FCA57DC9-44D5-37E0-B906-ADAE5AB50435}.Debug|Any CPU.ActiveCfg = Debug|Any CPU
		{FCA57DC9-44D5-37E0-B906-ADAE5AB50435}.Debug|Any CPU.Build.0 = Debug|Any CPU
		{FCA57DC9-44D5-37E0-B906-ADAE5AB50435}.Release|Any CPU.ActiveCfg = Release|Any CPU
		{FCA57DC9-44D5-37E0-B906-ADAE5AB50435}.Release|Any CPU.Build.0 = Release|Any CPU
		{EEECCF97-94B8-1C5C-7DE1-D22F70BC0363}.Debug|Any CPU.ActiveCfg = Debug|Any CPU
		{EEECCF97-94B8-1C5C-7DE1-D22F70BC0363}.Debug|Any CPU.Build.0 = Debug|Any CPU
		{EEECCF97-94B8-1C5C-7DE1-D22F70BC0363}.Release|Any CPU.ActiveCfg = Release|Any CPU
		{EEECCF97-94B8-1C5C-7DE1-D22F70BC0363}.Release|Any CPU.Build.0 = Release|Any CPU
		{B2578C69-D387-014B-5324-4DC932577999}.Debug|Any CPU.ActiveCfg = Debug|Any CPU
		{B2578C69-D387-014B-5324-4DC932577999}.Debug|Any CPU.Build.0 = Debug|Any CPU
		{B2578C69-D387-014B-5324-4DC932577999}.Release|Any CPU.ActiveCfg = Release|Any CPU
		{B2578C69-D387-014B-5324-4DC932577999}.Release|Any CPU.Build.0 = Release|Any CPU
		{D00DE236-DCD3-B90B-62CE-671D956EB25D}.Debug|Any CPU.ActiveCfg = Debug|Any CPU
		{D00DE236-DCD3-B90B-62CE-671D956EB25D}.Debug|Any CPU.Build.0 = Debug|Any CPU
		{D00DE236-DCD3-B90B-62CE-671D956EB25D}.Release|Any CPU.ActiveCfg = Release|Any CPU
		{D00DE236-DCD3-B90B-62CE-671D956EB25D}.Release|Any CPU.Build.0 = Release|Any CPU
		{D120DD85-1432-6476-F06E-BCA25ADFD390}.Debug|Any CPU.ActiveCfg = Debug|Any CPU
		{D120DD85-1432-6476-F06E-BCA25ADFD390}.Debug|Any CPU.Build.0 = Debug|Any CPU
		{D120DD85-1432-6476-F06E-BCA25ADFD390}.Release|Any CPU.ActiveCfg = Release|Any CPU
		{D120DD85-1432-6476-F06E-BCA25ADFD390}.Release|Any CPU.Build.0 = Release|Any CPU
		{41C0B8A8-7BAB-1019-E53B-F0FFDF0BA13F}.Debug|Any CPU.ActiveCfg = Debug|Any CPU
		{41C0B8A8-7BAB-1019-E53B-F0FFDF0BA13F}.Debug|Any CPU.Build.0 = Debug|Any CPU
		{41C0B8A8-7BAB-1019-E53B-F0FFDF0BA13F}.Release|Any CPU.ActiveCfg = Release|Any CPU
		{41C0B8A8-7BAB-1019-E53B-F0FFDF0BA13F}.Release|Any CPU.Build.0 = Release|Any CPU
		{31905324-DBC9-3CBE-EDD7-445D2CAE333C}.Debug|Any CPU.ActiveCfg = Debug|Any CPU
		{31905324-DBC9-3CBE-EDD7-445D2CAE333C}.Debug|Any CPU.Build.0 = Debug|Any CPU
		{31905324-DBC9-3CBE-EDD7-445D2CAE333C}.Release|Any CPU.ActiveCfg = Release|Any CPU
		{31905324-DBC9-3CBE-EDD7-445D2CAE333C}.Release|Any CPU.Build.0 = Release|Any CPU
		{24BFCAAC-4886-7C6F-AD22-121DCEC522A0}.Debug|Any CPU.ActiveCfg = Debug|Any CPU
		{24BFCAAC-4886-7C6F-AD22-121DCEC522A0}.Debug|Any CPU.Build.0 = Debug|Any CPU
		{24BFCAAC-4886-7C6F-AD22-121DCEC522A0}.Release|Any CPU.ActiveCfg = Release|Any CPU
		{24BFCAAC-4886-7C6F-AD22-121DCEC522A0}.Release|Any CPU.Build.0 = Release|Any CPU
		{AEBB6519-73A4-9497-FF79-ED3A175C3AB7}.Debug|Any CPU.ActiveCfg = Debug|Any CPU
		{AEBB6519-73A4-9497-FF79-ED3A175C3AB7}.Debug|Any CPU.Build.0 = Debug|Any CPU
		{AEBB6519-73A4-9497-FF79-ED3A175C3AB7}.Release|Any CPU.ActiveCfg = Release|Any CPU
		{AEBB6519-73A4-9497-FF79-ED3A175C3AB7}.Release|Any CPU.Build.0 = Release|Any CPU
	EndGlobalSection
	GlobalSection(SolutionProperties) = preSolution
		HideSolutionNode = FALSE
	EndGlobalSection
EndGlobal
